
Microsoft Visual Studio Solution File, Format Version 12.00
# Visual Studio Version 16
VisualStudioVersion = 16.0.31515.178
MinimumVisualStudioVersion = 10.0.40219.1
Project("{9A19103F-16F7-4668-BE54-9A1E7A4F7556}") = "ETicaret", "ETicaret\ETicaret.csproj", "{FB7C6AD9-63E9-492B-89AC-3DB6BD7F000D}"
EndProject
Project("{FAE04EC0-301F-11D3-BF4B-00C04F79EFBC}") = "API.Data", "API.Data\API.Data.csproj", "{87296165-80B0-4C2D-8977-3F5046AC47EF}"
EndProject
Global
	GlobalSection(SolutionConfigurationPlatforms) = preSolution
		Debug|Any CPU = Debug|Any CPU
		Release|Any CPU = Release|Any CPU
	EndGlobalSection
	GlobalSection(ProjectConfigurationPlatforms) = postSolution
		{FB7C6AD9-63E9-492B-89AC-3DB6BD7F000D}.Debug|Any CPU.ActiveCfg = Debug|Any CPU
		{FB7C6AD9-63E9-492B-89AC-3DB6BD7F000D}.Debug|Any CPU.Build.0 = Debug|Any CPU
		{FB7C6AD9-63E9-492B-89AC-3DB6BD7F000D}.Release|Any CPU.ActiveCfg = Release|Any CPU
		{FB7C6AD9-63E9-492B-89AC-3DB6BD7F000D}.Release|Any CPU.Build.0 = Release|Any CPU
		{87296165-80B0-4C2D-8977-3F5046AC47EF}.Debug|Any CPU.ActiveCfg = Debug|Any CPU
		{87296165-80B0-4C2D-8977-3F5046AC47EF}.Debug|Any CPU.Build.0 = Debug|Any CPU
		{87296165-80B0-4C2D-8977-3F5046AC47EF}.Release|Any CPU.ActiveCfg = Release|Any CPU
		{87296165-80B0-4C2D-8977-3F5046AC47EF}.Release|Any CPU.Build.0 = Release|Any CPU
	EndGlobalSection
	GlobalSection(SolutionProperties) = preSolution
		HideSolutionNode = FALSE
	EndGlobalSection
	GlobalSection(ExtensibilityGlobals) = postSolution
		SolutionGuid = {B7FD51D8-11F9-48C1-97F6-65AA3BA8CD5F}
	EndGlobalSection
EndGlobal
